// !$*UTF8*$!
{
	archiveVersion = 1;
	classes = {
	};
	objectVersion = 46;
	objects = {

/* Begin PBXBuildFile section */
		91037AC21DED35B0007B9F16 /* AppDelegate.swift in Sources */ = {isa = PBXBuildFile; fileRef = 91037AC11DED35B0007B9F16 /* AppDelegate.swift */; };
		91037AC71DED35B0007B9F16 /* Main.storyboard in Resources */ = {isa = PBXBuildFile; fileRef = 91037AC51DED35B0007B9F16 /* Main.storyboard */; };
		91037AC91DED35B0007B9F16 /* Assets.xcassets in Resources */ = {isa = PBXBuildFile; fileRef = 91037AC81DED35B0007B9F16 /* Assets.xcassets */; };
		91037ACC1DED35B0007B9F16 /* LaunchScreen.storyboard in Resources */ = {isa = PBXBuildFile; fileRef = 91037ACA1DED35B0007B9F16 /* LaunchScreen.storyboard */; };
		91037AD71DED35B0007B9F16 /* GregsonRaevan_CE2Tests.swift in Sources */ = {isa = PBXBuildFile; fileRef = 91037AD61DED35B0007B9F16 /* GregsonRaevan_CE2Tests.swift */; };
		91037AE21DED35B0007B9F16 /* GregsonRaevan_CE2UITests.swift in Sources */ = {isa = PBXBuildFile; fileRef = 91037AE11DED35B0007B9F16 /* GregsonRaevan_CE2UITests.swift */; };
		91037AF21DED3969007B9F16 /* CustomHeader.xib in Resources */ = {isa = PBXBuildFile; fileRef = 91037AF11DED3969007B9F16 /* CustomHeader.xib */; };
		91037AF41DED3A1E007B9F16 /* CustomHeader.swift in Sources */ = {isa = PBXBuildFile; fileRef = 91037AF31DED3A1E007B9F16 /* CustomHeader.swift */; };
		91037AF61DED42D9007B9F16 /* TableViewController.swift in Sources */ = {isa = PBXBuildFile; fileRef = 91037AF51DED42D9007B9F16 /* TableViewController.swift */; };
		91037AFC1DEDF811007B9F16 /* Cell.swift in Sources */ = {isa = PBXBuildFile; fileRef = 91037AFB1DEDF811007B9F16 /* Cell.swift */; };
		91037B001DEE0BEB007B9F16 /* Artist.swift in Sources */ = {isa = PBXBuildFile; fileRef = 91037AFF1DEE0BEB007B9F16 /* Artist.swift */; };
/* End PBXBuildFile section */

/* Begin PBXContainerItemProxy section */
		91037AD31DED35B0007B9F16 /* PBXContainerItemProxy */ = {
			isa = PBXContainerItemProxy;
			containerPortal = 91037AB61DED35B0007B9F16 /* Project object */;
			proxyType = 1;
			remoteGlobalIDString = 91037ABD1DED35B0007B9F16;
			remoteInfo = GregsonRaevan_CE2;
		};
		91037ADE1DED35B0007B9F16 /* PBXContainerItemProxy */ = {
			isa = PBXContainerItemProxy;
			containerPortal = 91037AB61DED35B0007B9F16 /* Project object */;
			proxyType = 1;
			remoteGlobalIDString = 91037ABD1DED35B0007B9F16;
			remoteInfo = GregsonRaevan_CE2;
		};
/* End PBXContainerItemProxy section */

/* Begin PBXFileReference section */
		91037ABE1DED35B0007B9F16 /* GregsonRaevan_CE2.app */ = {isa = PBXFileReference; explicitFileType = wrapper.application; includeInIndex = 0; path = GregsonRaevan_CE2.app; sourceTree = BUILT_PRODUCTS_DIR; };
		91037AC11DED35B0007B9F16 /* AppDelegate.swift */ = {isa = PBXFileReference; lastKnownFileType = sourcecode.swift; path = AppDelegate.swift; sourceTree = "<group>"; };
		91037AC61DED35B0007B9F16 /* Base */ = {isa = PBXFileReference; lastKnownFileType = file.storyboard; name = Base; path = Base.lproj/Main.storyboard; sourceTree = "<group>"; };
		91037AC81DED35B0007B9F16 /* Assets.xcassets */ = {isa = PBXFileReference; lastKnownFileType = folder.assetcatalog; path = Assets.xcassets; sourceTree = "<group>"; };
		91037ACB1DED35B0007B9F16 /* Base */ = {isa = PBXFileReference; lastKnownFileType = file.storyboard; name = Base; path = Base.lproj/LaunchScreen.storyboard; sourceTree = "<group>"; };
		91037ACD1DED35B0007B9F16 /* Info.plist */ = {isa = PBXFileReference; lastKnownFileType = text.plist.xml; path = Info.plist; sourceTree = "<group>"; };
		91037AD21DED35B0007B9F16 /* GregsonRaevan_CE2Tests.xctest */ = {isa = PBXFileReference; explicitFileType = wrapper.cfbundle; includeInIndex = 0; path = GregsonRaevan_CE2Tests.xctest; sourceTree = BUILT_PRODUCTS_DIR; };
		91037AD61DED35B0007B9F16 /* GregsonRaevan_CE2Tests.swift */ = {isa = PBXFileReference; lastKnownFileType = sourcecode.swift; path = GregsonRaevan_CE2Tests.swift; sourceTree = "<group>"; };
		91037AD81DED35B0007B9F16 /* Info.plist */ = {isa = PBXFileReference; lastKnownFileType = text.plist.xml; path = Info.plist; sourceTree = "<group>"; };
		91037ADD1DED35B0007B9F16 /* GregsonRaevan_CE2UITests.xctest */ = {isa = PBXFileReference; explicitFileType = wrapper.cfbundle; includeInIndex = 0; path = GregsonRaevan_CE2UITests.xctest; sourceTree = BUILT_PRODUCTS_DIR; };
		91037AE11DED35B0007B9F16 /* GregsonRaevan_CE2UITests.swift */ = {isa = PBXFileReference; lastKnownFileType = sourcecode.swift; path = GregsonRaevan_CE2UITests.swift; sourceTree = "<group>"; };
		91037AE31DED35B0007B9F16 /* Info.plist */ = {isa = PBXFileReference; lastKnownFileType = text.plist.xml; path = Info.plist; sourceTree = "<group>"; };
		91037AF11DED3969007B9F16 /* CustomHeader.xib */ = {isa = PBXFileReference; fileEncoding = 4; lastKnownFileType = file.xib; path = CustomHeader.xib; sourceTree = "<group>"; };
		91037AF31DED3A1E007B9F16 /* CustomHeader.swift */ = {isa = PBXFileReference; fileEncoding = 4; lastKnownFileType = sourcecode.swift; path = CustomHeader.swift; sourceTree = "<group>"; };
		91037AF51DED42D9007B9F16 /* TableViewController.swift */ = {isa = PBXFileReference; fileEncoding = 4; lastKnownFileType = sourcecode.swift; path = TableViewController.swift; sourceTree = "<group>"; };
		91037AFB1DEDF811007B9F16 /* Cell.swift */ = {isa = PBXFileReference; fileEncoding = 4; lastKnownFileType = sourcecode.swift; path = Cell.swift; sourceTree = "<group>"; };
		91037AFF1DEE0BEB007B9F16 /* Artist.swift */ = {isa = PBXFileReference; fileEncoding = 4; lastKnownFileType = sourcecode.swift; path = Artist.swift; sourceTree = "<group>"; };
/* End PBXFileReference section */

/* Begin PBXFrameworksBuildPhase section */
		91037ABB1DED35B0007B9F16 /* Frameworks */ = {
			isa = PBXFrameworksBuildPhase;
			buildActionMask = 2147483647;
			files = (
			);
			runOnlyForDeploymentPostprocessing = 0;
		};
		91037ACF1DED35B0007B9F16 /* Frameworks */ = {
			isa = PBXFrameworksBuildPhase;
			buildActionMask = 2147483647;
			files = (
			);
			runOnlyForDeploymentPostprocessing = 0;
		};
		91037ADA1DED35B0007B9F16 /* Frameworks */ = {
			isa = PBXFrameworksBuildPhase;
			buildActionMask = 2147483647;
			files = (
			);
			runOnlyForDeploymentPostprocessing = 0;
		};
/* End PBXFrameworksBuildPhase section */

/* Begin PBXGroup section */
		91037AB51DED35B0007B9F16 = {
			isa = PBXGroup;
			children = (
				91037AC01DED35B0007B9F16 /* GregsonRaevan_CE2 */,
				91037AD51DED35B0007B9F16 /* GregsonRaevan_CE2Tests */,
				91037AE01DED35B0007B9F16 /* GregsonRaevan_CE2UITests */,
				91037ABF1DED35B0007B9F16 /* Products */,
			);
			sourceTree = "<group>";
		};
		91037ABF1DED35B0007B9F16 /* Products */ = {
			isa = PBXGroup;
			children = (
				91037ABE1DED35B0007B9F16 /* GregsonRaevan_CE2.app */,
				91037AD21DED35B0007B9F16 /* GregsonRaevan_CE2Tests.xctest */,
				91037ADD1DED35B0007B9F16 /* GregsonRaevan_CE2UITests.xctest */,
			);
			name = Products;
			sourceTree = "<group>";
		};
		91037AC01DED35B0007B9F16 /* GregsonRaevan_CE2 */ = {
			isa = PBXGroup;
			children = (
				91037AC11DED35B0007B9F16 /* AppDelegate.swift */,
				91037AC51DED35B0007B9F16 /* Main.storyboard */,
				91037AC81DED35B0007B9F16 /* Assets.xcassets */,
				91037ACA1DED35B0007B9F16 /* LaunchScreen.storyboard */,
				91037ACD1DED35B0007B9F16 /* Info.plist */,
				91037AF11DED3969007B9F16 /* CustomHeader.xib */,
				91037AF31DED3A1E007B9F16 /* CustomHeader.swift */,
				91037AF51DED42D9007B9F16 /* TableViewController.swift */,
				91037AFB1DEDF811007B9F16 /* Cell.swift */,
				91037AFF1DEE0BEB007B9F16 /* Artist.swift */,
			);
			path = GregsonRaevan_CE2;
			sourceTree = "<group>";
		};
		91037AD51DED35B0007B9F16 /* GregsonRaevan_CE2Tests */ = {
			isa = PBXGroup;
			children = (
				91037AD61DED35B0007B9F16 /* GregsonRaevan_CE2Tests.swift */,
				91037AD81DED35B0007B9F16 /* Info.plist */,
			);
			path = GregsonRaevan_CE2Tests;
			sourceTree = "<group>";
		};
		91037AE01DED35B0007B9F16 /* GregsonRaevan_CE2UITests */ = {
			isa = PBXGroup;
			children = (
				91037AE11DED35B0007B9F16 /* GregsonRaevan_CE2UITests.swift */,
				91037AE31DED35B0007B9F16 /* Info.plist */,
			);
			path = GregsonRaevan_CE2UITests;
			sourceTree = "<group>";
		};
/* End PBXGroup section */

/* Begin PBXNativeTarget section */
		91037ABD1DED35B0007B9F16 /* GregsonRaevan_CE2 */ = {
			isa = PBXNativeTarget;
			buildConfigurationList = 91037AE61DED35B0007B9F16 /* Build configuration list for PBXNativeTarget "GregsonRaevan_CE2" */;
			buildPhases = (
				91037ABA1DED35B0007B9F16 /* Sources */,
				91037ABB1DED35B0007B9F16 /* Frameworks */,
				91037ABC1DED35B0007B9F16 /* Resources */,
			);
			buildRules = (
			);
			dependencies = (
			);
			name = GregsonRaevan_CE2;
			productName = GregsonRaevan_CE2;
			productReference = 91037ABE1DED35B0007B9F16 /* GregsonRaevan_CE2.app */;
			productType = "com.apple.product-type.application";
		};
		91037AD11DED35B0007B9F16 /* GregsonRaevan_CE2Tests */ = {
			isa = PBXNativeTarget;
			buildConfigurationList = 91037AE91DED35B0007B9F16 /* Build configuration list for PBXNativeTarget "GregsonRaevan_CE2Tests" */;
			buildPhases = (
				91037ACE1DED35B0007B9F16 /* Sources */,
				91037ACF1DED35B0007B9F16 /* Frameworks */,
				91037AD01DED35B0007B9F16 /* Resources */,
			);
			buildRules = (
			);
			dependencies = (
				91037AD41DED35B0007B9F16 /* PBXTargetDependency */,
			);
			name = GregsonRaevan_CE2Tests;
			productName = GregsonRaevan_CE2Tests;
			productReference = 91037AD21DED35B0007B9F16 /* GregsonRaevan_CE2Tests.xctest */;
			productType = "com.apple.product-type.bundle.unit-test";
		};
		91037ADC1DED35B0007B9F16 /* GregsonRaevan_CE2UITests */ = {
			isa = PBXNativeTarget;
			buildConfigurationList = 91037AEC1DED35B0007B9F16 /* Build configuration list for PBXNativeTarget "GregsonRaevan_CE2UITests" */;
			buildPhases = (
				91037AD91DED35B0007B9F16 /* Sources */,
				91037ADA1DED35B0007B9F16 /* Frameworks */,
				91037ADB1DED35B0007B9F16 /* Resources */,
			);
			buildRules = (
			);
			dependencies = (
				91037ADF1DED35B0007B9F16 /* PBXTargetDependency */,
			);
			name = GregsonRaevan_CE2UITests;
			productName = GregsonRaevan_CE2UITests;
			productReference = 91037ADD1DED35B0007B9F16 /* GregsonRaevan_CE2UITests.xctest */;
			productType = "com.apple.product-type.bundle.ui-testing";
		};
/* End PBXNativeTarget section */

/* Begin PBXProject section */
		91037AB61DED35B0007B9F16 /* Project object */ = {
			isa = PBXProject;
			attributes = {
				LastSwiftUpdateCheck = 0800;
				LastUpgradeCheck = 0900;
				ORGANIZATIONNAME = "Raevan Gregson";
				TargetAttributes = {
					91037ABD1DED35B0007B9F16 = {
						CreatedOnToolsVersion = 8.0;
						LastSwiftMigration = 0900;
						ProvisioningStyle = Automatic;
					};
					91037AD11DED35B0007B9F16 = {
						CreatedOnToolsVersion = 8.0;
						LastSwiftMigration = 0900;
						ProvisioningStyle = Automatic;
						TestTargetID = 91037ABD1DED35B0007B9F16;
					};
					91037ADC1DED35B0007B9F16 = {
						CreatedOnToolsVersion = 8.0;
						LastSwiftMigration = 0900;
						ProvisioningStyle = Automatic;
						TestTargetID = 91037ABD1DED35B0007B9F16;
					};
				};
			};
			buildConfigurationList = 91037AB91DED35B0007B9F16 /* Build configuration list for PBXProject "GregsonRaevan_CE2" */;
			compatibilityVersion = "Xcode 3.2";
			developmentRegion = English;
			hasScannedForEncodings = 0;
			knownRegions = (
				en,
				Base,
			);
			mainGroup = 91037AB51DED35B0007B9F16;
			productRefGroup = 91037ABF1DED35B0007B9F16 /* Products */;
			projectDirPath = "";
			projectRoot = "";
			targets = (
				91037ABD1DED35B0007B9F16 /* GregsonRaevan_CE2 */,
				91037AD11DED35B0007B9F16 /* GregsonRaevan_CE2Tests */,
				91037ADC1DED35B0007B9F16 /* GregsonRaevan_CE2UITests */,
			);
		};
/* End PBXProject section */

/* Begin PBXResourcesBuildPhase section */
		91037ABC1DED35B0007B9F16 /* Resources */ = {
			isa = PBXResourcesBuildPhase;
			buildActionMask = 2147483647;
			files = (
				91037ACC1DED35B0007B9F16 /* LaunchScreen.storyboard in Resources */,
				91037AF21DED3969007B9F16 /* CustomHeader.xib in Resources */,
				91037AC91DED35B0007B9F16 /* Assets.xcassets in Resources */,
				91037AC71DED35B0007B9F16 /* Main.storyboard in Resources */,
			);
			runOnlyForDeploymentPostprocessing = 0;
		};
		91037AD01DED35B0007B9F16 /* Resources */ = {
			isa = PBXResourcesBuildPhase;
			buildActionMask = 2147483647;
			files = (
			);
			runOnlyForDeploymentPostprocessing = 0;
		};
		91037ADB1DED35B0007B9F16 /* Resources */ = {
			isa = PBXResourcesBuildPhase;
			buildActionMask = 2147483647;
			files = (
			);
			runOnlyForDeploymentPostprocessing = 0;
		};
/* End PBXResourcesBuildPhase section */

/* Begin PBXSourcesBuildPhase section */
		91037ABA1DED35B0007B9F16 /* Sources */ = {
			isa = PBXSourcesBuildPhase;
			buildActionMask = 2147483647;
			files = (
				91037AC21DED35B0007B9F16 /* AppDelegate.swift in Sources */,
				91037AFC1DEDF811007B9F16 /* Cell.swift in Sources */,
				91037AF61DED42D9007B9F16 /* TableViewController.swift in Sources */,
				91037B001DEE0BEB007B9F16 /* Artist.swift in Sources */,
				91037AF41DED3A1E007B9F16 /* CustomHeader.swift in Sources */,
			);
			runOnlyForDeploymentPostprocessing = 0;
		};
		91037ACE1DED35B0007B9F16 /* Sources */ = {
			isa = PBXSourcesBuildPhase;
			buildActionMask = 2147483647;
			files = (
				91037AD71DED35B0007B9F16 /* GregsonRaevan_CE2Tests.swift in Sources */,
			);
			runOnlyForDeploymentPostprocessing = 0;
		};
		91037AD91DED35B0007B9F16 /* Sources */ = {
			isa = PBXSourcesBuildPhase;
			buildActionMask = 2147483647;
			files = (
				91037AE21DED35B0007B9F16 /* GregsonRaevan_CE2UITests.swift in Sources */,
			);
			runOnlyForDeploymentPostprocessing = 0;
		};
/* End PBXSourcesBuildPhase section */

/* Begin PBXTargetDependency section */
		91037AD41DED35B0007B9F16 /* PBXTargetDependency */ = {
			isa = PBXTargetDependency;
			target = 91037ABD1DED35B0007B9F16 /* GregsonRaevan_CE2 */;
			targetProxy = 91037AD31DED35B0007B9F16 /* PBXContainerItemProxy */;
		};
		91037ADF1DED35B0007B9F16 /* PBXTargetDependency */ = {
			isa = PBXTargetDependency;
			target = 91037ABD1DED35B0007B9F16 /* GregsonRaevan_CE2 */;
			targetProxy = 91037ADE1DED35B0007B9F16 /* PBXContainerItemProxy */;
		};
/* End PBXTargetDependency section */

/* Begin PBXVariantGroup section */
		91037AC51DED35B0007B9F16 /* Main.storyboard */ = {
			isa = PBXVariantGroup;
			children = (
				91037AC61DED35B0007B9F16 /* Base */,
			);
			name = Main.storyboard;
			sourceTree = "<group>";
		};
		91037ACA1DED35B0007B9F16 /* LaunchScreen.storyboard */ = {
			isa = PBXVariantGroup;
			children = (
				91037ACB1DED35B0007B9F16 /* Base */,
			);
			name = LaunchScreen.storyboard;
			sourceTree = "<group>";
		};
/* End PBXVariantGroup section */

/* Begin XCBuildConfiguration section */
		91037AE41DED35B0007B9F16 /* Debug */ = {
			isa = XCBuildConfiguration;
			buildSettings = {
				ALWAYS_SEARCH_USER_PATHS = NO;
				CLANG_ANALYZER_NONNULL = YES;
				CLANG_CXX_LANGUAGE_STANDARD = "gnu++0x";
				CLANG_CXX_LIBRARY = "libc++";
				CLANG_ENABLE_MODULES = YES;
				CLANG_ENABLE_OBJC_ARC = YES;
				CLANG_WARN_BLOCK_CAPTURE_AUTORELEASING = YES;
				CLANG_WARN_BOOL_CONVERSION = YES;
				CLANG_WARN_COMMA = YES;
				CLANG_WARN_CONSTANT_CONVERSION = YES;
				CLANG_WARN_DIRECT_OBJC_ISA_USAGE = YES_ERROR;
				CLANG_WARN_DOCUMENTATION_COMMENTS = YES;
				CLANG_WARN_EMPTY_BODY = YES;
				CLANG_WARN_ENUM_CONVERSION = YES;
				CLANG_WARN_INFINITE_RECURSION = YES;
				CLANG_WARN_INT_CONVERSION = YES;
				CLANG_WARN_NON_LITERAL_NULL_CONVERSION = YES;
				CLANG_WARN_OBJC_LITERAL_CONVERSION = YES;
				CLANG_WARN_OBJC_ROOT_CLASS = YES_ERROR;
				CLANG_WARN_RANGE_LOOP_ANALYSIS = YES;
				CLANG_WARN_STRICT_PROTOTYPES = YES;
				CLANG_WARN_SUSPICIOUS_MOVE = YES;
				CLANG_WARN_SUSPICIOUS_MOVES = YES;
				CLANG_WARN_UNREACHABLE_CODE = YES;
				CLANG_WARN__DUPLICATE_METHOD_MATCH = YES;
				"CODE_SIGN_IDENTITY[sdk=iphoneos*]" = "iPhone Developer";
				COPY_PHASE_STRIP = NO;
				DEBUG_INFORMATION_FORMAT = dwarf;
				ENABLE_STRICT_OBJC_MSGSEND = YES;
				ENABLE_TESTABILITY = YES;
				GCC_C_LANGUAGE_STANDARD = gnu99;
				GCC_DYNAMIC_NO_PIC = NO;
				GCC_NO_COMMON_BLOCKS = YES;
				GCC_OPTIMIZATION_LEVEL = 0;
				GCC_PREPROCESSOR_DEFINITIONS = (
					"DEBUG=1",
					"$(inherited)",
				);
				GCC_WARN_64_TO_32_BIT_CONVERSION = YES;
				GCC_WARN_ABOUT_RETURN_TYPE = YES_ERROR;
				GCC_WARN_UNDECLARED_SELECTOR = YES;
				GCC_WARN_UNINITIALIZED_AUTOS = YES_AGGRESSIVE;
				GCC_WARN_UNUSED_FUNCTION = YES;
				GCC_WARN_UNUSED_VARIABLE = YES;
				IPHONEOS_DEPLOYMENT_TARGET = 10.0;
				MTL_ENABLE_DEBUG_INFO = YES;
				ONLY_ACTIVE_ARCH = YES;
				SDKROOT = iphoneos;
				SWIFT_ACTIVE_COMPILATION_CONDITIONS = DEBUG;
				SWIFT_OPTIMIZATION_LEVEL = "-Onone";
			};
			name = Debug;
		};
		91037AE51DED35B0007B9F16 /* Release */ = {
			isa = XCBuildConfiguration;
			buildSettings = {
				ALWAYS_SEARCH_USER_PATHS = NO;
				CLANG_ANALYZER_NONNULL = YES;
				CLANG_CXX_LANGUAGE_STANDARD = "gnu++0x";
				CLANG_CXX_LIBRARY = "libc++";
				CLANG_ENABLE_MODULES = YES;
				CLANG_ENABLE_OBJC_ARC = YES;
				CLANG_WARN_BLOCK_CAPTURE_AUTORELEASING = YES;
				CLANG_WARN_BOOL_CONVERSION = YES;
				CLANG_WARN_COMMA = YES;
				CLANG_WARN_CONSTANT_CONVERSION = YES;
				CLANG_WARN_DIRECT_OBJC_ISA_USAGE = YES_ERROR;
				CLANG_WARN_DOCUMENTATION_COMMENTS = YES;
				CLANG_WARN_EMPTY_BODY = YES;
				CLANG_WARN_ENUM_CONVERSION = YES;
				CLANG_WARN_INFINITE_RECURSION = YES;
				CLANG_WARN_INT_CONVERSION = YES;
				CLANG_WARN_NON_LITERAL_NULL_CONVERSION = YES;
				CLANG_WARN_OBJC_LITERAL_CONVERSION = YES;
				CLANG_WARN_OBJC_ROOT_CLASS = YES_ERROR;
				CLANG_WARN_RANGE_LOOP_ANALYSIS = YES;
				CLANG_WARN_STRICT_PROTOTYPES = YES;
				CLANG_WARN_SUSPICIOUS_MOVE = YES;
				CLANG_WARN_SUSPICIOUS_MOVES = YES;
				CLANG_WARN_UNREACHABLE_CODE = YES;
				CLANG_WARN__DUPLICATE_METHOD_MATCH = YES;
				"CODE_SIGN_IDENTITY[sdk=iphoneos*]" = "iPhone Developer";
				COPY_PHASE_STRIP = NO;
				DEBUG_INFORMATION_FORMAT = "dwarf-with-dsym";
				ENABLE_NS_ASSERTIONS = NO;
				ENABLE_STRICT_OBJC_MSGSEND = YES;
				GCC_C_LANGUAGE_STANDARD = gnu99;
				GCC_NO_COMMON_BLOCKS = YES;
				GCC_WARN_64_TO_32_BIT_CONVERSION = YES;
				GCC_WARN_ABOUT_RETURN_TYPE = YES_ERROR;
				GCC_WARN_UNDECLARED_SELECTOR = YES;
				GCC_WARN_UNINITIALIZED_AUTOS = YES_AGGRESSIVE;
				GCC_WARN_UNUSED_FUNCTION = YES;
				GCC_WARN_UNUSED_VARIABLE = YES;
				IPHONEOS_DEPLOYMENT_TARGET = 10.0;
				MTL_ENABLE_DEBUG_INFO = NO;
				SDKROOT = iphoneos;
				SWIFT_OPTIMIZATION_LEVEL = "-Owholemodule";
				VALIDATE_PRODUCT = YES;
			};
			name = Release;
		};
		91037AE71DED35B0007B9F16 /* Debug */ = {
			isa = XCBuildConfiguration;
			buildSettings = {
				ASSETCATALOG_COMPILER_APPICON_NAME = AppIcon;
				INFOPLIST_FILE = GregsonRaevan_CE2/Info.plist;
				LD_RUNPATH_SEARCH_PATHS = "$(inherited) @executable_path/Frameworks";
				PRODUCT_BUNDLE_IDENTIFIER = "AppleProgramming.GregsonRaevan-CE2";
				PRODUCT_NAME = "$(TARGET_NAME)";
				SWIFT_SWIFT3_OBJC_INFERENCE = On;
				SWIFT_VERSION = 4.0;
			};
			name = Debug;
		};
		91037AE81DED35B0007B9F16 /* Release */ = {
			isa = XCBuildConfiguration;
			buildSettings = {
				ASSETCATALOG_COMPILER_APPICON_NAME = AppIcon;
				INFOPLIST_FILE = GregsonRaevan_CE2/Info.plist;
				LD_RUNPATH_SEARCH_PATHS = "$(inherited) @executable_path/Frameworks";
				PRODUCT_BUNDLE_IDENTIFIER = "AppleProgramming.GregsonRaevan-CE2";
				PRODUCT_NAME = "$(TARGET_NAME)";
				SWIFT_SWIFT3_OBJC_INFERENCE = On;
				SWIFT_VERSION = 4.0;
			};
			name = Release;
		};
		91037AEA1DED35B0007B9F16 /* Debug */ = {
			isa = XCBuildConfiguration;
			buildSettings = {
				ALWAYS_EMBED_SWIFT_STANDARD_LIBRARIES = YES;
				BUNDLE_LOADER = "$(TEST_HOST)";
				INFOPLIST_FILE = GregsonRaevan_CE2Tests/Info.plist;
				LD_RUNPATH_SEARCH_PATHS = "$(inherited) @executable_path/Frameworks @loader_path/Frameworks";
				PRODUCT_BUNDLE_IDENTIFIER = "AppleProgramming.GregsonRaevan-CE2Tests";
				PRODUCT_NAME = "$(TARGET_NAME)";
				SWIFT_SWIFT3_OBJC_INFERENCE = On;
				SWIFT_VERSION = 4.0;
				TEST_HOST = "$(BUILT_PRODUCTS_DIR)/GregsonRaevan_CE2.app/GregsonRaevan_CE2";
			};
			name = Debug;
		};
		91037AEB1DED35B0007B9F16 /* Release */ = {
			isa = XCBuildConfiguration;
			buildSettings = {
				ALWAYS_EMBED_SWIFT_STANDARD_LIBRARIES = YES;
				BUNDLE_LOADER = "$(TEST_HOST)";
				INFOPLIST_FILE = GregsonRaevan_CE2Tests/Info.plist;
				LD_RUNPATH_SEARCH_PATHS = "$(inherited) @executable_path/Frameworks @loader_path/Frameworks";
				PRODUCT_BUNDLE_IDENTIFIER = "AppleProgramming.GregsonRaevan-CE2Tests";
				PRODUCT_NAME = "$(TARGET_NAME)";
				SWIFT_SWIFT3_OBJC_INFERENCE = On;
				SWIFT_VERSION = 4.0;
				TEST_HOST = "$(BUILT_PRODUCTS_DIR)/GregsonRaevan_CE2.app/GregsonRaevan_CE2";
			};
			name = Release;
		};
		91037AED1DED35B0007B9F16 /* Debug */ = {
			isa = XCBuildConfiguration;
			buildSettings = {
				ALWAYS_EMBED_SWIFT_STANDARD_LIBRARIES = YES;
				INFOPLIST_FILE = GregsonRaevan_CE2UITests/Info.plist;
				LD_RUNPATH_SEARCH_PATHS = "$(inherited) @executable_path/Frameworks @loader_path/Frameworks";
				PRODUCT_BUNDLE_IDENTIFIER = "AppleProgramming.GregsonRaevan-CE2UITests";
				PRODUCT_NAME = "$(TARGET_NAME)";
				SWIFT_SWIFT3_OBJC_INFERENCE = On;
				SWIFT_VERSION = 4.0;
				TEST_TARGET_NAME = GregsonRaevan_CE2;
			};
			name = Debug;
		};
		91037AEE1DED35B0007B9F16 /* Release */ = {
			isa = XCBuildConfiguration;
			buildSettings = {
				ALWAYS_EMBED_SWIFT_STANDARD_LIBRARIES = YES;
				INFOPLIST_FILE = GregsonRaevan_CE2UITests/Info.plist;
				LD_RUNPATH_SEARCH_PATHS = "$(inherited) @executable_path/Frameworks @loader_path/Frameworks";
				PRODUCT_BUNDLE_IDENTIFIER = "AppleProgramming.GregsonRaevan-CE2UITests";
				PRODUCT_NAME = "$(TARGET_NAME)";
				SWIFT_SWIFT3_OBJC_INFERENCE = On;
				SWIFT_VERSION = 4.0;
				TEST_TARGET_NAME = GregsonRaevan_CE2;
			};
			name = Release;
		};
/* End XCBuildConfiguration section */

/* Begin XCConfigurationList section */
		91037AB91DED35B0007B9F16 /* Build configuration list for PBXProject "GregsonRaevan_CE2" */ = {
			isa = XCConfigurationList;
			buildConfigurations = (
				91037AE41DED35B0007B9F16 /* Debug */,
				91037AE51DED35B0007B9F16 /* Release */,
			);
			defaultConfigurationIsVisible = 0;
			defaultConfigurationName = Release;
		};
		91037AE61DED35B0007B9F16 /* Build configuration list for PBXNativeTarget "GregsonRaevan_CE2" */ = {
			isa = XCConfigurationList;
			buildConfigurations = (
				91037AE71DED35B0007B9F16 /* Debug */,
				91037AE81DED35B0007B9F16 /* Release */,
			);
			defaultConfigurationIsVisible = 0;
			defaultConfigurationName = Release;
		};
		91037AE91DED35B0007B9F16 /* Build configuration list for PBXNativeTarget "GregsonRaevan_CE2Tests" */ = {
			isa = XCConfigurationList;
			buildConfigurations = (
				91037AEA1DED35B0007B9F16 /* Debug */,
				91037AEB1DED35B0007B9F16 /* Release */,
			);
			defaultConfigurationIsVisible = 0;
			defaultConfigurationName = Release;
		};
		91037AEC1DED35B0007B9F16 /* Build configuration list for PBXNativeTarget "GregsonRaevan_CE2UITests" */ = {
			isa = XCConfigurationList;
			buildConfigurations = (
				91037AED1DED35B0007B9F16 /* Debug */,
				91037AEE1DED35B0007B9F16 /* Release */,
			);
			defaultConfigurationIsVisible = 0;
			defaultConfigurationName = Release;
		};
/* End XCConfigurationList section */
	};
	rootObject = 91037AB61DED35B0007B9F16 /* Project object */;
}
